
Microsoft Visual Studio Solution File, Format Version 12.00
# Visual Studio Version 16
VisualStudioVersion = 16.0.31702.278
MinimumVisualStudioVersion = 10.0.40219.1
Project("{FAE04EC0-301F-11D3-BF4B-00C04F79EFBC}") = "GUI1", "GUI1\GUI1.csproj", "{253A4F16-5FA4-4143-8221-C3794DEFCABA}"
EndProject
Global
	GlobalSection(SolutionConfigurationPlatforms) = preSolution
		Debug|Any CPU = Debug|Any CPU
		Release|Any CPU = Release|Any CPU
	EndGlobalSection
	GlobalSection(ProjectConfigurationPlatforms) = postSolution
		{253A4F16-5FA4-4143-8221-C3794DEFCABA}.Debug|Any CPU.ActiveCfg = Debug|Any CPU
		{253A4F16-5FA4-4143-8221-C3794DEFCABA}.Debug|Any CPU.Build.0 = Debug|Any CPU
		{253A4F16-5FA4-4143-8221-C3794DEFCABA}.Release|Any CPU.ActiveCfg = Release|Any CPU
		{253A4F16-5FA4-4143-8221-C3794DEFCABA}.Release|Any CPU.Build.0 = Release|Any CPU
	EndGlobalSection
	GlobalSection(SolutionProperties) = preSolution
		HideSolutionNode = FALSE
	EndGlobalSection
	GlobalSection(ExtensibilityGlobals) = postSolution
		SolutionGuid = {19F36767-C9F9-46F5-BB3A-6EF591099EB8}
	EndGlobalSection
EndGlobal
